// !$*UTF8*$!
{
	archiveVersion = 1;
	classes = {
	};
	objectVersion = 77;
	objects = {

/* Begin PBXBuildFile section */
		08A4C5AE1328241B18346989 /* SimTyporaApp.swift in Sources */ = {isa = PBXBuildFile; fileRef = 682B9985985B5FB8A2F3FA6A /* SimTyporaApp.swift */; };
		1720A53D17F29581CE6763FA /* ContentView.swift in Sources */ = {isa = PBXBuildFile; fileRef = DA9147C12AEA43D76EE593EB /* ContentView.swift */; };
		75A884C3828A79B7A36B1B33 /* MarkdownDocument.swift in Sources */ = {isa = PBXBuildFile; fileRef = 997D796C5ED4ED4063AB2D4C /* MarkdownDocument.swift */; };
		862F4B761756100E823C432D /* MarkdownParser.swift in Sources */ = {isa = PBXBuildFile; fileRef = F8315F3D25DC7FD874098F4A /* MarkdownParser.swift */; };
/* End PBXBuildFile section */

/* Begin PBXFileReference section */
		682B9985985B5FB8A2F3FA6A /* SimTyporaApp.swift */ = {isa = PBXFileReference; lastKnownFileType = sourcecode.swift; path = SimTyporaApp.swift; sourceTree = "<group>"; };
		997D796C5ED4ED4063AB2D4C /* MarkdownDocument.swift */ = {isa = PBXFileReference; lastKnownFileType = sourcecode.swift; path = MarkdownDocument.swift; sourceTree = "<group>"; };
		D748BA19E2E602E54C5DA8F5 /* SimTypora.app */ = {isa = PBXFileReference; explicitFileType = wrapper.application; includeInIndex = 0; path = SimTypora.app; sourceTree = BUILT_PRODUCTS_DIR; };
		DA9147C12AEA43D76EE593EB /* ContentView.swift */ = {isa = PBXFileReference; lastKnownFileType = sourcecode.swift; path = ContentView.swift; sourceTree = "<group>"; };
		F8315F3D25DC7FD874098F4A /* MarkdownParser.swift */ = {isa = PBXFileReference; lastKnownFileType = sourcecode.swift; path = MarkdownParser.swift; sourceTree = "<group>"; };
/* End PBXFileReference section */

/* Begin PBXGroup section */
		25F9F103BA2FF44E22058002 /* Products */ = {
			isa = PBXGroup;
			children = (
				D748BA19E2E602E54C5DA8F5 /* SimTypora.app */,
			);
			name = Products;
			sourceTree = "<group>";
		};
		64800CF730BF7B0327047583 = {
			isa = PBXGroup;
			children = (
				A308D0254F9424248EC1F71B /* Sources */,
				25F9F103BA2FF44E22058002 /* Products */,
			);
			sourceTree = "<group>";
		};
		6612F25661AAC521A1091CFF /* Models */ = {
			isa = PBXGroup;
			children = (
				997D796C5ED4ED4063AB2D4C /* MarkdownDocument.swift */,
			);
			path = Models;
			sourceTree = "<group>";
		};
		7927804A881113EA06D44FB9 /* Utils */ = {
			isa = PBXGroup;
			children = (
				F8315F3D25DC7FD874098F4A /* MarkdownParser.swift */,
			);
			path = Utils;
			sourceTree = "<group>";
		};
		A308D0254F9424248EC1F71B /* Sources */ = {
			isa = PBXGroup;
			children = (
				F8A25C0B8DB7D3A9D11761F9 /* App */,
				6612F25661AAC521A1091CFF /* Models */,
				7927804A881113EA06D44FB9 /* Utils */,
				CEDF719B61D04C8213361858 /* Views */,
			);
			path = Sources;
			sourceTree = "<group>";
		};
		CEDF719B61D04C8213361858 /* Views */ = {
			isa = PBXGroup;
			children = (
				DA9147C12AEA43D76EE593EB /* ContentView.swift */,
			);
			path = Views;
			sourceTree = "<group>";
		};
		F8A25C0B8DB7D3A9D11761F9 /* App */ = {
			isa = PBXGroup;
			children = (
				682B9985985B5FB8A2F3FA6A /* SimTyporaApp.swift */,
			);
			path = App;
			sourceTree = "<group>";
		};
/* End PBXGroup section */

/* Begin PBXNativeTarget section */
		41FA3F0AA0F220525681022A /* SimTypora */ = {
			isa = PBXNativeTarget;
			buildConfigurationList = 8F8F034A8E3A194A6467F776 /* Build configuration list for PBXNativeTarget "SimTypora" */;
			buildPhases = (
				B3937756468485A43AF59F00 /* Sources */,
			);
			buildRules = (
			);
			dependencies = (
			);
			name = SimTypora;
			packageProductDependencies = (
			);
			productName = SimTypora;
			productReference = D748BA19E2E602E54C5DA8F5 /* SimTypora.app */;
			productType = "com.apple.product-type.application";
		};
/* End PBXNativeTarget section */

/* Begin PBXProject section */
		63514272089ADCB0250D3A0F /* Project object */ = {
			isa = PBXProject;
			attributes = {
				BuildIndependentTargetsInParallel = YES;
				LastUpgradeCheck = 1500;
				TargetAttributes = {
					41FA3F0AA0F220525681022A = {
						DevelopmentTeam = "";
						ProvisioningStyle = Manual;
					};
				};
			};
			buildConfigurationList = BFC64DDEF1908AD9422650B8 /* Build configuration list for PBXProject "SimTypora" */;
			compatibilityVersion = "Xcode 14.0";
			developmentRegion = en;
			hasScannedForEncodings = 0;
			knownRegions = (
				Base,
				en,
			);
			mainGroup = 64800CF730BF7B0327047583;
			minimizedProjectReferenceProxies = 1;
			preferredProjectObjectVersion = 77;
			projectDirPath = "";
			projectRoot = "";
			targets = (
				41FA3F0AA0F220525681022A /* SimTypora */,
			);
		};
/* End PBXProject section */

/* Begin PBXSourcesBuildPhase section */
		B3937756468485A43AF59F00 /* Sources */ = {
			isa = PBXSourcesBuildPhase;
			buildActionMask = 2147483647;
			files = (
				1720A53D17F29581CE6763FA /* ContentView.swift in Sources */,
				75A884C3828A79B7A36B1B33 /* MarkdownDocument.swift in Sources */,
				862F4B761756100E823C432D /* MarkdownParser.swift in Sources */,
				08A4C5AE1328241B18346989 /* SimTyporaApp.swift in Sources */,
			);
			runOnlyForDeploymentPostprocessing = 0;
		};
/* End PBXSourcesBuildPhase section */

/* Begin XCBuildConfiguration section */
		97607EE46F8F5D3EDA02FFF5 /* Release */ = {
			isa = XCBuildConfiguration;
			buildSettings = {
				ASSETCATALOG_COMPILER_APPICON_NAME = AppIcon;
				CODE_SIGN_IDENTITY = "-";
				CODE_SIGN_STYLE = Manual;
				COMBINE_HIDPI_IMAGES = YES;
				DEVELOPMENT_TEAM = "";
				ENABLE_HARDENED_RUNTIME = NO;
				INFOPLIST_FILE = Resources/Info.plist;
				LD_RUNPATH_SEARCH_PATHS = (
					"$(inherited)",
					"@executable_path/../Frameworks",
				);
				PRODUCT_BUNDLE_IDENTIFIER = com.simtypora.editor;
				PRODUCT_NAME = SimTypora;
				SDKROOT = macosx;
			};
			name = Release;
		};
		9C4A7854931D859ACA0C5C5B /* Debug */ = {
			isa = XCBuildConfiguration;
			buildSettings = {
				ALWAYS_SEARCH_USER_PATHS = NO;
				CLANG_ANALYZER_NONNULL = YES;
				CLANG_ANALYZER_NUMBER_OBJECT_CONVERSION = YES_AGGRESSIVE;
				CLANG_CXX_LANGUAGE_STANDARD = "gnu++14";
				CLANG_CXX_LIBRARY = "libc++";
				CLANG_ENABLE_MODULES = YES;
				CLANG_ENABLE_OBJC_ARC = YES;
				CLANG_ENABLE_OBJC_WEAK = YES;
				CLANG_WARN_BLOCK_CAPTURE_AUTORELEASING = YES;
				CLANG_WARN_BOOL_CONVERSION = YES;
				CLANG_WARN_COMMA = YES;
				CLANG_WARN_CONSTANT_CONVERSION = YES;
				CLANG_WARN_DEPRECATED_OBJC_IMPLEMENTATIONS = YES;
				CLANG_WARN_DIRECT_OBJC_ISA_USAGE = YES_ERROR;
				CLANG_WARN_DOCUMENTATION_COMMENTS = YES;
				CLANG_WARN_EMPTY_BODY = YES;
				CLANG_WARN_ENUM_CONVERSION = YES;
				CLANG_WARN_INFINITE_RECURSION = YES;
				CLANG_WARN_INT_CONVERSION = YES;
				CLANG_WARN_NON_LITERAL_NULL_CONVERSION = YES;
				CLANG_WARN_OBJC_IMPLICIT_RETAIN_SELF = YES;
				CLANG_WARN_OBJC_LITERAL_CONVERSION = YES;
				CLANG_WARN_OBJC_ROOT_CLASS = YES_ERROR;
				CLANG_WARN_QUOTED_INCLUDE_IN_FRAMEWORK_HEADER = YES;
				CLANG_WARN_RANGE_LOOP_ANALYSIS = YES;
				CLANG_WARN_STRICT_PROTOTYPES = YES;
				CLANG_WARN_SUSPICIOUS_MOVE = YES;
				CLANG_WARN_UNGUARDED_AVAILABILITY = YES_AGGRESSIVE;
				CLANG_WARN_UNREACHABLE_CODE = YES;
				CLANG_WARN__DUPLICATE_METHOD_MATCH = YES;
				COPY_PHASE_STRIP = NO;
				DEBUG_INFORMATION_FORMAT = dwarf;
				ENABLE_STRICT_OBJC_MSGSEND = YES;
				ENABLE_TESTABILITY = YES;
				GCC_C_LANGUAGE_STANDARD = gnu11;
				GCC_DYNAMIC_NO_PIC = NO;
				GCC_NO_COMMON_BLOCKS = YES;
				GCC_OPTIMIZATION_LEVEL = 0;
				GCC_PREPROCESSOR_DEFINITIONS = (
					"$(inherited)",
					"DEBUG=1",
				);
				GCC_WARN_64_TO_32_BIT_CONVERSION = YES;
				GCC_WARN_ABOUT_RETURN_TYPE = YES_ERROR;
				GCC_WARN_UNDECLARED_SELECTOR = YES;
				GCC_WARN_UNINITIALIZED_AUTOS = YES_AGGRESSIVE;
				GCC_WARN_UNUSED_FUNCTION = YES;
				GCC_WARN_UNUSED_VARIABLE = YES;
				MACOSX_DEPLOYMENT_TARGET = 13.0;
				MTL_ENABLE_DEBUG_INFO = INCLUDE_SOURCE;
				MTL_FAST_MATH = YES;
				ONLY_ACTIVE_ARCH = YES;
				PRODUCT_NAME = "$(TARGET_NAME)";
				SDKROOT = macosx;
				SWIFT_ACTIVE_COMPILATION_CONDITIONS = DEBUG;
				SWIFT_OPTIMIZATION_LEVEL = "-Onone";
				SWIFT_VERSION = 5.9;
			};
			name = Debug;
		};
		D5AEADA02341D29DA99D316C /* Release */ = {
			isa = XCBuildConfiguration;
			buildSettings = {
				ALWAYS_SEARCH_USER_PATHS = NO;
				CLANG_ANALYZER_NONNULL = YES;
				CLANG_ANALYZER_NUMBER_OBJECT_CONVERSION = YES_AGGRESSIVE;
				CLANG_CXX_LANGUAGE_STANDARD = "gnu++14";
				CLANG_CXX_LIBRARY = "libc++";
				CLANG_ENABLE_MODULES = YES;
				CLANG_ENABLE_OBJC_ARC = YES;
				CLANG_ENABLE_OBJC_WEAK = YES;
				CLANG_WARN_BLOCK_CAPTURE_AUTORELEASING = YES;
				CLANG_WARN_BOOL_CONVERSION = YES;
				CLANG_WARN_COMMA = YES;
				CLANG_WARN_CONSTANT_CONVERSION = YES;
				CLANG_WARN_DEPRECATED_OBJC_IMPLEMENTATIONS = YES;
				CLANG_WARN_DIRECT_OBJC_ISA_USAGE = YES_ERROR;
				CLANG_WARN_DOCUMENTATION_COMMENTS = YES;
				CLANG_WARN_EMPTY_BODY = YES;
				CLANG_WARN_ENUM_CONVERSION = YES;
				CLANG_WARN_INFINITE_RECURSION = YES;
				CLANG_WARN_INT_CONVERSION = YES;
				CLANG_WARN_NON_LITERAL_NULL_CONVERSION = YES;
				CLANG_WARN_OBJC_IMPLICIT_RETAIN_SELF = YES;
				CLANG_WARN_OBJC_LITERAL_CONVERSION = YES;
				CLANG_WARN_OBJC_ROOT_CLASS = YES_ERROR;
				CLANG_WARN_QUOTED_INCLUDE_IN_FRAMEWORK_HEADER = YES;
				CLANG_WARN_RANGE_LOOP_ANALYSIS = YES;
				CLANG_WARN_STRICT_PROTOTYPES = YES;
				CLANG_WARN_SUSPICIOUS_MOVE = YES;
				CLANG_WARN_UNGUARDED_AVAILABILITY = YES_AGGRESSIVE;
				CLANG_WARN_UNREACHABLE_CODE = YES;
				CLANG_WARN__DUPLICATE_METHOD_MATCH = YES;
				COPY_PHASE_STRIP = NO;
				DEBUG_INFORMATION_FORMAT = "dwarf-with-dsym";
				ENABLE_NS_ASSERTIONS = NO;
				ENABLE_STRICT_OBJC_MSGSEND = YES;
				GCC_C_LANGUAGE_STANDARD = gnu11;
				GCC_NO_COMMON_BLOCKS = YES;
				GCC_WARN_64_TO_32_BIT_CONVERSION = YES;
				GCC_WARN_ABOUT_RETURN_TYPE = YES_ERROR;
				GCC_WARN_UNDECLARED_SELECTOR = YES;
				GCC_WARN_UNINITIALIZED_AUTOS = YES_AGGRESSIVE;
				GCC_WARN_UNUSED_FUNCTION = YES;
				GCC_WARN_UNUSED_VARIABLE = YES;
				MACOSX_DEPLOYMENT_TARGET = 13.0;
				MTL_ENABLE_DEBUG_INFO = NO;
				MTL_FAST_MATH = YES;
				PRODUCT_NAME = "$(TARGET_NAME)";
				SDKROOT = macosx;
				SWIFT_COMPILATION_MODE = wholemodule;
				SWIFT_OPTIMIZATION_LEVEL = "-O";
				SWIFT_VERSION = 5.9;
			};
			name = Release;
		};
		DAC9CA16D67E5C41FFE7C071 /* Debug */ = {
			isa = XCBuildConfiguration;
			buildSettings = {
				ASSETCATALOG_COMPILER_APPICON_NAME = AppIcon;
				CODE_SIGN_IDENTITY = "-";
				CODE_SIGN_STYLE = Manual;
				COMBINE_HIDPI_IMAGES = YES;
				DEVELOPMENT_TEAM = "";
				ENABLE_HARDENED_RUNTIME = NO;
				INFOPLIST_FILE = Resources/Info.plist;
				LD_RUNPATH_SEARCH_PATHS = (
					"$(inherited)",
					"@executable_path/../Frameworks",
				);
				PRODUCT_BUNDLE_IDENTIFIER = com.simtypora.editor;
				PRODUCT_NAME = SimTypora;
				SDKROOT = macosx;
			};
			name = Debug;
		};
/* End XCBuildConfiguration section */

/* Begin XCConfigurationList section */
		8F8F034A8E3A194A6467F776 /* Build configuration list for PBXNativeTarget "SimTypora" */ = {
			isa = XCConfigurationList;
			buildConfigurations = (
				DAC9CA16D67E5C41FFE7C071 /* Debug */,
				97607EE46F8F5D3EDA02FFF5 /* Release */,
			);
			defaultConfigurationIsVisible = 0;
			defaultConfigurationName = Debug;
		};
		BFC64DDEF1908AD9422650B8 /* Build configuration list for PBXProject "SimTypora" */ = {
			isa = XCConfigurationList;
			buildConfigurations = (
				9C4A7854931D859ACA0C5C5B /* Debug */,
				D5AEADA02341D29DA99D316C /* Release */,
			);
			defaultConfigurationIsVisible = 0;
			defaultConfigurationName = Debug;
		};
/* End XCConfigurationList section */
	};
	rootObject = 63514272089ADCB0250D3A0F /* Project object */;
}
