// !$*UTF8*$!
{
	archiveVersion = 1;
	classes = {
	};
	objectVersion = 63;
	objects = {

/* Begin PBXBuildFile section */
		B0C5EDF72F4ACE4E002B842F /* MarkdownEditingLogicTests.swift in Sources */ = {isa = PBXBuildFile; fileRef = B0C5EDF22F4ACE4E002B842F /* MarkdownEditingLogicTests.swift */; };
		B0C5EDF82F4ACE4E002B842F /* SimTyporaApp.swift in Sources */ = {isa = PBXBuildFile; fileRef = B0C5EDE72F4ACE4E002B842F /* SimTyporaApp.swift */; };
		B0C5EDF92F4ACE4E002B842F /* MarkdownHTMLRenderer.swift in Sources */ = {isa = PBXBuildFile; fileRef = B0C5EDEC2F4ACE4E002B842F /* MarkdownHTMLRenderer.swift */; };
		B0C5EDFA2F4ACE4E002B842F /* MarkdownParser.swift in Sources */ = {isa = PBXBuildFile; fileRef = B0C5EDED2F4ACE4E002B842F /* MarkdownParser.swift */; };
		B0C5EDFB2F4ACE4E002B842F /* MarkdownHTMLRendererTests.swift in Sources */ = {isa = PBXBuildFile; fileRef = B0C5EDF32F4ACE4E002B842F /* MarkdownHTMLRendererTests.swift */; };
		B0C5EDFC2F4ACE4E002B842F /* MarkdownEditingLogic.swift in Sources */ = {isa = PBXBuildFile; fileRef = B0C5EDEB2F4ACE4E002B842F /* MarkdownEditingLogic.swift */; };
		B0C5EDFD2F4ACE4E002B842F /* ContentView.swift in Sources */ = {isa = PBXBuildFile; fileRef = B0C5EDEF2F4ACE4E002B842F /* ContentView.swift */; };
		B0C5EDFE2F4ACE4E002B842F /* MarkdownDocument.swift in Sources */ = {isa = PBXBuildFile; fileRef = B0C5EDE92F4ACE4E002B842F /* MarkdownDocument.swift */; };
		C1A700012F4B000100000001 /* Assets.xcassets in Resources */ = {isa = PBXBuildFile; fileRef = B0C5EDDB2F4ACE4E002B842F /* Assets.xcassets */; };
		C1A700022F4B000100000001 /* AppIcon.icns in Resources */ = {isa = PBXBuildFile; fileRef = B0C5EDDA2F4ACE4E002B842F /* AppIcon.icns */; };
/* End PBXBuildFile section */

/* Begin PBXFileReference section */
		682B9985985B5FB8A2F3FA6A /* SimTyporaApp.swift */ = {isa = PBXFileReference; lastKnownFileType = sourcecode.swift; path = SimTyporaApp.swift; sourceTree = "<group>"; };
		997D796C5ED4ED4063AB2D4C /* MarkdownDocument.swift */ = {isa = PBXFileReference; lastKnownFileType = sourcecode.swift; path = MarkdownDocument.swift; sourceTree = "<group>"; };
		B0C5EDD32F4ACE4E002B842F /* 2026-02-14-typora-inplace-design.md */ = {isa = PBXFileReference; lastKnownFileType = net.daringfireball.markdown; path = "2026-02-14-typora-inplace-design.md"; sourceTree = "<group>"; };
		B0C5EDD42F4ACE4E002B842F /* 2026-02-14-typora-inplace-implementation-plan.md */ = {isa = PBXFileReference; lastKnownFileType = net.daringfireball.markdown; path = "2026-02-14-typora-inplace-implementation-plan.md"; sourceTree = "<group>"; };
		B0C5EDD72F4ACE4E002B842F /* LICENSE */ = {isa = PBXFileReference; lastKnownFileType = text; path = LICENSE; sourceTree = "<group>"; };
		B0C5EDD82F4ACE4E002B842F /* project.yml */ = {isa = PBXFileReference; lastKnownFileType = text.yaml; path = project.yml; sourceTree = "<group>"; };
		B0C5EDD92F4ACE4E002B842F /* README.md */ = {isa = PBXFileReference; lastKnownFileType = net.daringfireball.markdown; path = README.md; sourceTree = "<group>"; };
		B0C5EDDA2F4ACE4E002B842F /* AppIcon.icns */ = {isa = PBXFileReference; lastKnownFileType = image.icns; path = AppIcon.icns; sourceTree = "<group>"; };
		B0C5EDDB2F4ACE4E002B842F /* Assets.xcassets */ = {isa = PBXFileReference; lastKnownFileType = folder.assetcatalog; path = Assets.xcassets; sourceTree = "<group>"; };
		B0C5EDDC2F4ACE4E002B842F /* Info.plist */ = {isa = PBXFileReference; lastKnownFileType = text.plist.xml; path = Info.plist; sourceTree = "<group>"; };
		B0C5EDDE2F4ACE4E002B842F /* Assets.xcassets */ = {isa = PBXFileReference; lastKnownFileType = folder.assetcatalog; path = Assets.xcassets; sourceTree = "<group>"; };
		B0C5EDE62F4ACE4E002B842F /* SimTypora.xcodeproj */ = {isa = PBXFileReference; lastKnownFileType = "wrapper.pb-project"; path = SimTypora.xcodeproj; sourceTree = "<group>"; };
		B0C5EDE72F4ACE4E002B842F /* SimTyporaApp.swift */ = {isa = PBXFileReference; lastKnownFileType = sourcecode.swift; path = SimTyporaApp.swift; sourceTree = "<group>"; };
		B0C5EDE92F4ACE4E002B842F /* MarkdownDocument.swift */ = {isa = PBXFileReference; lastKnownFileType = sourcecode.swift; path = MarkdownDocument.swift; sourceTree = "<group>"; };
		B0C5EDEB2F4ACE4E002B842F /* MarkdownEditingLogic.swift */ = {isa = PBXFileReference; lastKnownFileType = sourcecode.swift; path = MarkdownEditingLogic.swift; sourceTree = "<group>"; };
		B0C5EDEC2F4ACE4E002B842F /* MarkdownHTMLRenderer.swift */ = {isa = PBXFileReference; lastKnownFileType = sourcecode.swift; path = MarkdownHTMLRenderer.swift; sourceTree = "<group>"; };
		B0C5EDED2F4ACE4E002B842F /* MarkdownParser.swift */ = {isa = PBXFileReference; lastKnownFileType = sourcecode.swift; path = MarkdownParser.swift; sourceTree = "<group>"; };
		B0C5EDEF2F4ACE4E002B842F /* ContentView.swift */ = {isa = PBXFileReference; lastKnownFileType = sourcecode.swift; path = ContentView.swift; sourceTree = "<group>"; };
		B0C5EDF22F4ACE4E002B842F /* MarkdownEditingLogicTests.swift */ = {isa = PBXFileReference; lastKnownFileType = sourcecode.swift; path = MarkdownEditingLogicTests.swift; sourceTree = "<group>"; };
		B0C5EDF32F4ACE4E002B842F /* MarkdownHTMLRendererTests.swift */ = {isa = PBXFileReference; lastKnownFileType = sourcecode.swift; path = MarkdownHTMLRendererTests.swift; sourceTree = "<group>"; };
		B605EE0B97F5AB6017271C97 /* MarkdownEditingLogic.swift */ = {isa = PBXFileReference; lastKnownFileType = sourcecode.swift; path = MarkdownEditingLogic.swift; sourceTree = "<group>"; };
		BA8A517B0B1C7F0FDCE2A48A /* MarkdownHTMLRenderer.swift */ = {isa = PBXFileReference; lastKnownFileType = sourcecode.swift; path = MarkdownHTMLRenderer.swift; sourceTree = "<group>"; };
		D748BA19E2E602E54C5DA8F5 /* SimTypora.app */ = {isa = PBXFileReference; explicitFileType = wrapper.application; includeInIndex = 0; path = SimTypora.app; sourceTree = BUILT_PRODUCTS_DIR; };
		DA9147C12AEA43D76EE593EB /* ContentView.swift */ = {isa = PBXFileReference; lastKnownFileType = sourcecode.swift; path = ContentView.swift; sourceTree = "<group>"; };
		F8315F3D25DC7FD874098F4A /* MarkdownParser.swift */ = {isa = PBXFileReference; lastKnownFileType = sourcecode.swift; path = MarkdownParser.swift; sourceTree = "<group>"; };
/* End PBXFileReference section */

/* Begin PBXGroup section */
		25F9F103BA2FF44E22058002 /* Products */ = {
			isa = PBXGroup;
			children = (
				D748BA19E2E602E54C5DA8F5 /* SimTypora.app */,
			);
			name = Products;
			sourceTree = "<group>";
		};
		64800CF730BF7B0327047583 = {
			isa = PBXGroup;
			children = (
				B0C5EDD62F4ACE4E002B842F /* docs */,
				B0C5EDD72F4ACE4E002B842F /* LICENSE */,
				B0C5EDD82F4ACE4E002B842F /* project.yml */,
				B0C5EDD92F4ACE4E002B842F /* README.md */,
				B0C5EDDD2F4ACE4E002B842F /* Resources */,
				B0C5EDE52F4ACE4E002B842F /* SimTypora */,
				B0C5EDE62F4ACE4E002B842F /* SimTypora.xcodeproj */,
				B0C5EDF12F4ACE4E002B842F /* Sources */,
				B0C5EDF42F4ACE4E002B842F /* Tests */,
				A308D0254F9424248EC1F71B /* Sources */,
				25F9F103BA2FF44E22058002 /* Products */,
			);
			sourceTree = "<group>";
		};
		6612F25661AAC521A1091CFF /* Models */ = {
			isa = PBXGroup;
			children = (
				997D796C5ED4ED4063AB2D4C /* MarkdownDocument.swift */,
			);
			path = Models;
			sourceTree = "<group>";
		};
		7927804A881113EA06D44FB9 /* Utils */ = {
			isa = PBXGroup;
			children = (
				B605EE0B97F5AB6017271C97 /* MarkdownEditingLogic.swift */,
				BA8A517B0B1C7F0FDCE2A48A /* MarkdownHTMLRenderer.swift */,
				F8315F3D25DC7FD874098F4A /* MarkdownParser.swift */,
			);
			path = Utils;
			sourceTree = "<group>";
		};
		A308D0254F9424248EC1F71B /* Sources */ = {
			isa = PBXGroup;
			children = (
				F8A25C0B8DB7D3A9D11761F9 /* App */,
				6612F25661AAC521A1091CFF /* Models */,
				7927804A881113EA06D44FB9 /* Utils */,
				CEDF719B61D04C8213361858 /* Views */,
			);
			path = Sources;
			sourceTree = "<group>";
		};
		B0C5EDD52F4ACE4E002B842F /* plans */ = {
			isa = PBXGroup;
			children = (
				B0C5EDD32F4ACE4E002B842F /* 2026-02-14-typora-inplace-design.md */,
				B0C5EDD42F4ACE4E002B842F /* 2026-02-14-typora-inplace-implementation-plan.md */,
			);
			path = plans;
			sourceTree = "<group>";
		};
		B0C5EDD62F4ACE4E002B842F /* docs */ = {
			isa = PBXGroup;
			children = (
				B0C5EDD52F4ACE4E002B842F /* plans */,
			);
			path = docs;
			sourceTree = "<group>";
		};
		B0C5EDDD2F4ACE4E002B842F /* Resources */ = {
			isa = PBXGroup;
			children = (
				B0C5EDDA2F4ACE4E002B842F /* AppIcon.icns */,
				B0C5EDDB2F4ACE4E002B842F /* Assets.xcassets */,
				B0C5EDDC2F4ACE4E002B842F /* Info.plist */,
			);
			path = Resources;
			sourceTree = "<group>";
		};
		B0C5EDDF2F4ACE4E002B842F /* Resources */ = {
			isa = PBXGroup;
			children = (
				B0C5EDDE2F4ACE4E002B842F /* Assets.xcassets */,
			);
			path = Resources;
			sourceTree = "<group>";
		};
		B0C5EDE02F4ACE4E002B842F /* App */ = {
			isa = PBXGroup;
			children = (
			);
			path = App;
			sourceTree = "<group>";
		};
		B0C5EDE12F4ACE4E002B842F /* Models */ = {
			isa = PBXGroup;
			children = (
			);
			path = Models;
			sourceTree = "<group>";
		};
		B0C5EDE22F4ACE4E002B842F /* Utils */ = {
			isa = PBXGroup;
			children = (
			);
			path = Utils;
			sourceTree = "<group>";
		};
		B0C5EDE32F4ACE4E002B842F /* Views */ = {
			isa = PBXGroup;
			children = (
			);
			path = Views;
			sourceTree = "<group>";
		};
		B0C5EDE42F4ACE4E002B842F /* Sources */ = {
			isa = PBXGroup;
			children = (
				B0C5EDE02F4ACE4E002B842F /* App */,
				B0C5EDE12F4ACE4E002B842F /* Models */,
				B0C5EDE22F4ACE4E002B842F /* Utils */,
				B0C5EDE32F4ACE4E002B842F /* Views */,
			);
			path = Sources;
			sourceTree = "<group>";
		};
		B0C5EDE52F4ACE4E002B842F /* SimTypora */ = {
			isa = PBXGroup;
			children = (
				B0C5EDDF2F4ACE4E002B842F /* Resources */,
				B0C5EDE42F4ACE4E002B842F /* Sources */,
			);
			path = SimTypora;
			sourceTree = "<group>";
		};
		B0C5EDE82F4ACE4E002B842F /* App */ = {
			isa = PBXGroup;
			children = (
				B0C5EDE72F4ACE4E002B842F /* SimTyporaApp.swift */,
			);
			path = App;
			sourceTree = "<group>";
		};
		B0C5EDEA2F4ACE4E002B842F /* Models */ = {
			isa = PBXGroup;
			children = (
				B0C5EDE92F4ACE4E002B842F /* MarkdownDocument.swift */,
			);
			path = Models;
			sourceTree = "<group>";
		};
		B0C5EDEE2F4ACE4E002B842F /* Utils */ = {
			isa = PBXGroup;
			children = (
				B0C5EDEB2F4ACE4E002B842F /* MarkdownEditingLogic.swift */,
				B0C5EDEC2F4ACE4E002B842F /* MarkdownHTMLRenderer.swift */,
				B0C5EDED2F4ACE4E002B842F /* MarkdownParser.swift */,
			);
			path = Utils;
			sourceTree = "<group>";
		};
		B0C5EDF02F4ACE4E002B842F /* Views */ = {
			isa = PBXGroup;
			children = (
				B0C5EDEF2F4ACE4E002B842F /* ContentView.swift */,
			);
			path = Views;
			sourceTree = "<group>";
		};
		B0C5EDF12F4ACE4E002B842F /* Sources */ = {
			isa = PBXGroup;
			children = (
				B0C5EDE82F4ACE4E002B842F /* App */,
				B0C5EDEA2F4ACE4E002B842F /* Models */,
				B0C5EDEE2F4ACE4E002B842F /* Utils */,
				B0C5EDF02F4ACE4E002B842F /* Views */,
			);
			path = Sources;
			sourceTree = "<group>";
		};
		B0C5EDF42F4ACE4E002B842F /* Tests */ = {
			isa = PBXGroup;
			children = (
				B0C5EDF22F4ACE4E002B842F /* MarkdownEditingLogicTests.swift */,
				B0C5EDF32F4ACE4E002B842F /* MarkdownHTMLRendererTests.swift */,
			);
			path = Tests;
			sourceTree = "<group>";
		};
		B0C5EDF52F4ACE4E002B842F /* Products */ = {
			isa = PBXGroup;
			name = Products;
			sourceTree = "<group>";
		};
		CEDF719B61D04C8213361858 /* Views */ = {
			isa = PBXGroup;
			children = (
				DA9147C12AEA43D76EE593EB /* ContentView.swift */,
			);
			path = Views;
			sourceTree = "<group>";
		};
		F8A25C0B8DB7D3A9D11761F9 /* App */ = {
			isa = PBXGroup;
			children = (
				682B9985985B5FB8A2F3FA6A /* SimTyporaApp.swift */,
			);
			path = App;
			sourceTree = "<group>";
		};
/* End PBXGroup section */

/* Begin PBXNativeTarget section */
		41FA3F0AA0F220525681022A /* SimTypora */ = {
			isa = PBXNativeTarget;
			buildConfigurationList = 8F8F034A8E3A194A6467F776 /* Build configuration list for PBXNativeTarget "SimTypora" */;
			buildPhases = (
				B3937756468485A43AF59F00 /* Sources */,
				C1A700032F4B000100000001 /* Resources */,
			);
			buildRules = (
			);
			dependencies = (
			);
			name = SimTypora;
			packageProductDependencies = (
			);
			productName = SimTypora;
			productReference = D748BA19E2E602E54C5DA8F5 /* SimTypora.app */;
			productType = "com.apple.product-type.application";
		};
/* End PBXNativeTarget section */

/* Begin PBXProject section */
		63514272089ADCB0250D3A0F /* Project object */ = {
			isa = PBXProject;
			attributes = {
				BuildIndependentTargetsInParallel = YES;
				LastUpgradeCheck = 1500;
				TargetAttributes = {
					41FA3F0AA0F220525681022A = {
						DevelopmentTeam = "";
						ProvisioningStyle = Manual;
					};
				};
			};
			buildConfigurationList = BFC64DDEF1908AD9422650B8 /* Build configuration list for PBXProject "SimTypora" */;
			compatibilityVersion = "Xcode 14.0";
			developmentRegion = en;
			hasScannedForEncodings = 0;
			knownRegions = (
				Base,
				en,
			);
			mainGroup = 64800CF730BF7B0327047583;
			minimizedProjectReferenceProxies = 1;
			projectDirPath = "";
			projectReferences = (
				{
					ProductGroup = B0C5EDF52F4ACE4E002B842F /* Products */;
					ProjectRef = B0C5EDE62F4ACE4E002B842F /* SimTypora.xcodeproj */;
				},
			);
			projectRoot = "";
			targets = (
				41FA3F0AA0F220525681022A /* SimTypora */,
			);
		};
/* End PBXProject section */

/* Begin PBXResourcesBuildPhase section */
		C1A700032F4B000100000001 /* Resources */ = {
			isa = PBXResourcesBuildPhase;
			buildActionMask = 2147483647;
			files = (
				C1A700012F4B000100000001 /* Assets.xcassets in Resources */,
				C1A700022F4B000100000001 /* AppIcon.icns in Resources */,
			);
			runOnlyForDeploymentPostprocessing = 0;
		};
/* End PBXResourcesBuildPhase section */

/* Begin PBXSourcesBuildPhase section */
		B3937756468485A43AF59F00 /* Sources */ = {
			isa = PBXSourcesBuildPhase;
			buildActionMask = 2147483647;
			files = (
				B0C5EDF72F4ACE4E002B842F /* MarkdownEditingLogicTests.swift in Sources */,
				B0C5EDF82F4ACE4E002B842F /* SimTyporaApp.swift in Sources */,
				B0C5EDF92F4ACE4E002B842F /* MarkdownHTMLRenderer.swift in Sources */,
				B0C5EDFA2F4ACE4E002B842F /* MarkdownParser.swift in Sources */,
				B0C5EDFB2F4ACE4E002B842F /* MarkdownHTMLRendererTests.swift in Sources */,
				B0C5EDFC2F4ACE4E002B842F /* MarkdownEditingLogic.swift in Sources */,
				B0C5EDFD2F4ACE4E002B842F /* ContentView.swift in Sources */,
				B0C5EDFE2F4ACE4E002B842F /* MarkdownDocument.swift in Sources */,
			);
			runOnlyForDeploymentPostprocessing = 0;
		};
/* End PBXSourcesBuildPhase section */

/* Begin XCBuildConfiguration section */
		97607EE46F8F5D3EDA02FFF5 /* Release */ = {
			isa = XCBuildConfiguration;
			buildSettings = {
				ASSETCATALOG_COMPILER_APPICON_NAME = AppIcon;
				CODE_SIGN_IDENTITY = "-";
				CODE_SIGN_STYLE = Manual;
				COMBINE_HIDPI_IMAGES = YES;
				DEVELOPMENT_TEAM = "";
				ENABLE_HARDENED_RUNTIME = NO;
				INFOPLIST_FILE = Resources/Info.plist;
				LD_RUNPATH_SEARCH_PATHS = (
					"$(inherited)",
					"@executable_path/../Frameworks",
				);
				PRODUCT_BUNDLE_IDENTIFIER = com.simtypora.editor;
				PRODUCT_NAME = SimTypora;
				SDKROOT = macosx;
			};
			name = Release;
		};
		9C4A7854931D859ACA0C5C5B /* Debug */ = {
			isa = XCBuildConfiguration;
			buildSettings = {
				ALWAYS_SEARCH_USER_PATHS = NO;
				CLANG_ANALYZER_NONNULL = YES;
				CLANG_ANALYZER_NUMBER_OBJECT_CONVERSION = YES_AGGRESSIVE;
				CLANG_CXX_LANGUAGE_STANDARD = "gnu++14";
				CLANG_CXX_LIBRARY = "libc++";
				CLANG_ENABLE_MODULES = YES;
				CLANG_ENABLE_OBJC_ARC = YES;
				CLANG_ENABLE_OBJC_WEAK = YES;
				CLANG_WARN_BLOCK_CAPTURE_AUTORELEASING = YES;
				CLANG_WARN_BOOL_CONVERSION = YES;
				CLANG_WARN_COMMA = YES;
				CLANG_WARN_CONSTANT_CONVERSION = YES;
				CLANG_WARN_DEPRECATED_OBJC_IMPLEMENTATIONS = YES;
				CLANG_WARN_DIRECT_OBJC_ISA_USAGE = YES_ERROR;
				CLANG_WARN_DOCUMENTATION_COMMENTS = YES;
				CLANG_WARN_EMPTY_BODY = YES;
				CLANG_WARN_ENUM_CONVERSION = YES;
				CLANG_WARN_INFINITE_RECURSION = YES;
				CLANG_WARN_INT_CONVERSION = YES;
				CLANG_WARN_NON_LITERAL_NULL_CONVERSION = YES;
				CLANG_WARN_OBJC_IMPLICIT_RETAIN_SELF = YES;
				CLANG_WARN_OBJC_LITERAL_CONVERSION = YES;
				CLANG_WARN_OBJC_ROOT_CLASS = YES_ERROR;
				CLANG_WARN_QUOTED_INCLUDE_IN_FRAMEWORK_HEADER = YES;
				CLANG_WARN_RANGE_LOOP_ANALYSIS = YES;
				CLANG_WARN_STRICT_PROTOTYPES = YES;
				CLANG_WARN_SUSPICIOUS_MOVE = YES;
				CLANG_WARN_UNGUARDED_AVAILABILITY = YES_AGGRESSIVE;
				CLANG_WARN_UNREACHABLE_CODE = YES;
				CLANG_WARN__DUPLICATE_METHOD_MATCH = YES;
				COPY_PHASE_STRIP = NO;
				DEBUG_INFORMATION_FORMAT = dwarf;
				ENABLE_STRICT_OBJC_MSGSEND = YES;
				ENABLE_TESTABILITY = YES;
				GCC_C_LANGUAGE_STANDARD = gnu11;
				GCC_DYNAMIC_NO_PIC = NO;
				GCC_NO_COMMON_BLOCKS = YES;
				GCC_OPTIMIZATION_LEVEL = 0;
				GCC_PREPROCESSOR_DEFINITIONS = (
					"$(inherited)",
					"DEBUG=1",
				);
				GCC_WARN_64_TO_32_BIT_CONVERSION = YES;
				GCC_WARN_ABOUT_RETURN_TYPE = YES_ERROR;
				GCC_WARN_UNDECLARED_SELECTOR = YES;
				GCC_WARN_UNINITIALIZED_AUTOS = YES_AGGRESSIVE;
				GCC_WARN_UNUSED_FUNCTION = YES;
				GCC_WARN_UNUSED_VARIABLE = YES;
				MACOSX_DEPLOYMENT_TARGET = 13.0;
				MTL_ENABLE_DEBUG_INFO = INCLUDE_SOURCE;
				MTL_FAST_MATH = YES;
				ONLY_ACTIVE_ARCH = YES;
				PRODUCT_NAME = "$(TARGET_NAME)";
				SDKROOT = macosx;
				SWIFT_ACTIVE_COMPILATION_CONDITIONS = DEBUG;
				SWIFT_OPTIMIZATION_LEVEL = "-Onone";
				SWIFT_VERSION = 5.9;
			};
			name = Debug;
		};
		D5AEADA02341D29DA99D316C /* Release */ = {
			isa = XCBuildConfiguration;
			buildSettings = {
				ALWAYS_SEARCH_USER_PATHS = NO;
				CLANG_ANALYZER_NONNULL = YES;
				CLANG_ANALYZER_NUMBER_OBJECT_CONVERSION = YES_AGGRESSIVE;
				CLANG_CXX_LANGUAGE_STANDARD = "gnu++14";
				CLANG_CXX_LIBRARY = "libc++";
				CLANG_ENABLE_MODULES = YES;
				CLANG_ENABLE_OBJC_ARC = YES;
				CLANG_ENABLE_OBJC_WEAK = YES;
				CLANG_WARN_BLOCK_CAPTURE_AUTORELEASING = YES;
				CLANG_WARN_BOOL_CONVERSION = YES;
				CLANG_WARN_COMMA = YES;
				CLANG_WARN_CONSTANT_CONVERSION = YES;
				CLANG_WARN_DEPRECATED_OBJC_IMPLEMENTATIONS = YES;
				CLANG_WARN_DIRECT_OBJC_ISA_USAGE = YES_ERROR;
				CLANG_WARN_DOCUMENTATION_COMMENTS = YES;
				CLANG_WARN_EMPTY_BODY = YES;
				CLANG_WARN_ENUM_CONVERSION = YES;
				CLANG_WARN_INFINITE_RECURSION = YES;
				CLANG_WARN_INT_CONVERSION = YES;
				CLANG_WARN_NON_LITERAL_NULL_CONVERSION = YES;
				CLANG_WARN_OBJC_IMPLICIT_RETAIN_SELF = YES;
				CLANG_WARN_OBJC_LITERAL_CONVERSION = YES;
				CLANG_WARN_OBJC_ROOT_CLASS = YES_ERROR;
				CLANG_WARN_QUOTED_INCLUDE_IN_FRAMEWORK_HEADER = YES;
				CLANG_WARN_RANGE_LOOP_ANALYSIS = YES;
				CLANG_WARN_STRICT_PROTOTYPES = YES;
				CLANG_WARN_SUSPICIOUS_MOVE = YES;
				CLANG_WARN_UNGUARDED_AVAILABILITY = YES_AGGRESSIVE;
				CLANG_WARN_UNREACHABLE_CODE = YES;
				CLANG_WARN__DUPLICATE_METHOD_MATCH = YES;
				COPY_PHASE_STRIP = NO;
				DEBUG_INFORMATION_FORMAT = "dwarf-with-dsym";
				ENABLE_NS_ASSERTIONS = NO;
				ENABLE_STRICT_OBJC_MSGSEND = YES;
				GCC_C_LANGUAGE_STANDARD = gnu11;
				GCC_NO_COMMON_BLOCKS = YES;
				GCC_WARN_64_TO_32_BIT_CONVERSION = YES;
				GCC_WARN_ABOUT_RETURN_TYPE = YES_ERROR;
				GCC_WARN_UNDECLARED_SELECTOR = YES;
				GCC_WARN_UNINITIALIZED_AUTOS = YES_AGGRESSIVE;
				GCC_WARN_UNUSED_FUNCTION = YES;
				GCC_WARN_UNUSED_VARIABLE = YES;
				MACOSX_DEPLOYMENT_TARGET = 13.0;
				MTL_ENABLE_DEBUG_INFO = NO;
				MTL_FAST_MATH = YES;
				PRODUCT_NAME = "$(TARGET_NAME)";
				SDKROOT = macosx;
				SWIFT_COMPILATION_MODE = wholemodule;
				SWIFT_OPTIMIZATION_LEVEL = "-O";
				SWIFT_VERSION = 5.9;
			};
			name = Release;
		};
		DAC9CA16D67E5C41FFE7C071 /* Debug */ = {
			isa = XCBuildConfiguration;
			buildSettings = {
				ASSETCATALOG_COMPILER_APPICON_NAME = AppIcon;
				CODE_SIGN_IDENTITY = "-";
				CODE_SIGN_STYLE = Manual;
				COMBINE_HIDPI_IMAGES = YES;
				DEVELOPMENT_TEAM = "";
				ENABLE_HARDENED_RUNTIME = NO;
				INFOPLIST_FILE = Resources/Info.plist;
				LD_RUNPATH_SEARCH_PATHS = (
					"$(inherited)",
					"@executable_path/../Frameworks",
				);
				PRODUCT_BUNDLE_IDENTIFIER = com.simtypora.editor;
				PRODUCT_NAME = SimTypora;
				SDKROOT = macosx;
			};
			name = Debug;
		};
/* End XCBuildConfiguration section */

/* Begin XCConfigurationList section */
		8F8F034A8E3A194A6467F776 /* Build configuration list for PBXNativeTarget "SimTypora" */ = {
			isa = XCConfigurationList;
			buildConfigurations = (
				DAC9CA16D67E5C41FFE7C071 /* Debug */,
				97607EE46F8F5D3EDA02FFF5 /* Release */,
			);
			defaultConfigurationIsVisible = 0;
			defaultConfigurationName = Debug;
		};
		BFC64DDEF1908AD9422650B8 /* Build configuration list for PBXProject "SimTypora" */ = {
			isa = XCConfigurationList;
			buildConfigurations = (
				9C4A7854931D859ACA0C5C5B /* Debug */,
				D5AEADA02341D29DA99D316C /* Release */,
			);
			defaultConfigurationIsVisible = 0;
			defaultConfigurationName = Debug;
		};
/* End XCConfigurationList section */
	};
	rootObject = 63514272089ADCB0250D3A0F /* Project object */;
}
